
Microsoft Visual Studio Solution File, Format Version 12.00
# Visual Studio Version 17
VisualStudioVersion = 17.4.33006.217
MinimumVisualStudioVersion = 10.0.40219.1
Project("{FAE04EC0-301F-11D3-BF4B-00C04F79EFBC}") = "LoopBack.Metadata", "Loopback\LoopBack.Metadata\LoopBack.Metadata.csproj", "{428149D4-69A8-4FB3-97A4-F68C99D08CA3}"
EndProject
Project("{9A19103F-16F7-4668-BE54-9A1E7A4F7556}") = "LoopBack.Server", "Loopback\LoopBack.Server\LoopBack.Server.csproj", "{996B6E22-4504-4018-BCEA-E047FEDE307F}"
EndProject
Global
	GlobalSection(SolutionConfigurationPlatforms) = preSolution
		Debug|Any CPU = Debug|Any CPU
		Release|Any CPU = Release|Any CPU
	EndGlobalSection
	GlobalSection(ProjectConfigurationPlatforms) = postSolution
		{428149D4-69A8-4FB3-97A4-F68C99D08CA3}.Debug|Any CPU.ActiveCfg = Debug|Any CPU
		{428149D4-69A8-4FB3-97A4-F68C99D08CA3}.Debug|Any CPU.Build.0 = Debug|Any CPU
		{428149D4-69A8-4FB3-97A4-F68C99D08CA3}.Release|Any CPU.ActiveCfg = Release|Any CPU
		{428149D4-69A8-4FB3-97A4-F68C99D08CA3}.Release|Any CPU.Build.0 = Release|Any CPU
		{996B6E22-4504-4018-BCEA-E047FEDE307F}.Debug|Any CPU.ActiveCfg = Debug|Any CPU
		{996B6E22-4504-4018-BCEA-E047FEDE307F}.Debug|Any CPU.Build.0 = Debug|Any CPU
		{996B6E22-4504-4018-BCEA-E047FEDE307F}.Release|Any CPU.ActiveCfg = Release|Any CPU
		{996B6E22-4504-4018-BCEA-E047FEDE307F}.Release|Any CPU.Build.0 = Release|Any CPU
	EndGlobalSection
	GlobalSection(SolutionProperties) = preSolution
		HideSolutionNode = FALSE
	EndGlobalSection
	GlobalSection(ExtensibilityGlobals) = postSolution
		SolutionGuid = {A2578A69-416D-4270-823A-65BF153BBA8C}
	EndGlobalSection
EndGlobal
